// !$*UTF8*$!
{
	archiveVersion = 1;
	classes = {
	};
	objectVersion = 55;
	objects = {

/* Begin PBXBuildFile section */
		A04D3E6665E8FAB905D414CB /* Pods_disso.framework in Frameworks */ = {isa = PBXBuildFile; fileRef = 3721CE70F958288B07A63A6E /* Pods_disso.framework */; };
		AF025A9E27E2416000FB7123 /* ClothesList.swift in Sources */ = {isa = PBXBuildFile; fileRef = AF025A9D27E2415F00FB7123 /* ClothesList.swift */; };
		AF025AA027E244B600FB7123 /* ClothesView.swift in Sources */ = {isa = PBXBuildFile; fileRef = AF025A9F27E244B600FB7123 /* ClothesView.swift */; };
		AF14EF6227E26F5C00776376 /* NewClothesView.swift in Sources */ = {isa = PBXBuildFile; fileRef = AF14EF6127E26F5C00776376 /* NewClothesView.swift */; };
		AF14EF6427E3AD2000776376 /* ClothesViewModel.swift in Sources */ = {isa = PBXBuildFile; fileRef = AF14EF6327E3AD2000776376 /* ClothesViewModel.swift */; };
		AF190ACC27DD1DA500498779 /* Assets.xcassets in Resources */ = {isa = PBXBuildFile; fileRef = AF190ACB27DD1DA500498779 /* Assets.xcassets */; };
		AF190ACF27DD1DA500498779 /* Preview Assets.xcassets in Resources */ = {isa = PBXBuildFile; fileRef = AF190ACE27DD1DA500498779 /* Preview Assets.xcassets */; };
		AF190AD927DD1DA600498779 /* dissoTests.swift in Sources */ = {isa = PBXBuildFile; fileRef = AF190AD827DD1DA600498779 /* dissoTests.swift */; };
		AF190AE327DD1DA600498779 /* dissoUITests.swift in Sources */ = {isa = PBXBuildFile; fileRef = AF190AE227DD1DA600498779 /* dissoUITests.swift */; };
		AF190AE527DD1DA600498779 /* dissoUITestsLaunchTests.swift in Sources */ = {isa = PBXBuildFile; fileRef = AF190AE427DD1DA600498779 /* dissoUITestsLaunchTests.swift */; };
		AF190AF227DD29EF00498779 /* GoogleService-Info.plist in Resources */ = {isa = PBXBuildFile; fileRef = AF190AF127DD29EF00498779 /* GoogleService-Info.plist */; };
		AFA2ADA127FA150E006B9D3F /* LoginView.swift in Sources */ = {isa = PBXBuildFile; fileRef = AFA2ADA027FA150E006B9D3F /* LoginView.swift */; };
		AFA2ADA527FA17EA006B9D3F /* InputTextFieldView.swift in Sources */ = {isa = PBXBuildFile; fileRef = AFA2ADA427FA17EA006B9D3F /* InputTextFieldView.swift */; };
		AFA2ADA827FA1D40006B9D3F /* PreviewLayoutComponentModifier.swift in Sources */ = {isa = PBXBuildFile; fileRef = AFA2ADA727FA1D40006B9D3F /* PreviewLayoutComponentModifier.swift */; };
		AFA2ADAA27FA1F28006B9D3F /* InputPasswordView.swift in Sources */ = {isa = PBXBuildFile; fileRef = AFA2ADA927FA1F28006B9D3F /* InputPasswordView.swift */; };
		AFA2ADAC27FB239F006B9D3F /* ButtonComponentView.swift in Sources */ = {isa = PBXBuildFile; fileRef = AFA2ADAB27FB239F006B9D3F /* ButtonComponentView.swift */; };
		AFA2ADB027FB4C1F006B9D3F /* SignUpView.swift in Sources */ = {isa = PBXBuildFile; fileRef = AFA2ADAF27FB4C1F006B9D3F /* SignUpView.swift */; };
		AFA2ADB227FCAD83006B9D3F /* CloseModifier.swift in Sources */ = {isa = PBXBuildFile; fileRef = AFA2ADB127FCAD83006B9D3F /* CloseModifier.swift */; };
		AFA2ADB627FCB4AF006B9D3F /* ResetPasswordView.swift in Sources */ = {isa = PBXBuildFile; fileRef = AFA2ADB527FCB4AF006B9D3F /* ResetPasswordView.swift */; };
		AFA2ADB927FCC21A006B9D3F /* AccountDetails.swift in Sources */ = {isa = PBXBuildFile; fileRef = AFA2ADB827FCC21A006B9D3F /* AccountDetails.swift */; };
		AFA2ADBC27FCC4AC006B9D3F /* RegistrationService.swift in Sources */ = {isa = PBXBuildFile; fileRef = AFA2ADBB27FCC4AC006B9D3F /* RegistrationService.swift */; };
		AFCF370E27DFD798004067AA /* dissoApp.swift in Sources */ = {isa = PBXBuildFile; fileRef = AFCF370D27DFD798004067AA /* dissoApp.swift */; };
		AFCF371527DFD90C004067AA /* ContentView.swift in Sources */ = {isa = PBXBuildFile; fileRef = AFCF371427DFD90C004067AA /* ContentView.swift */; };
		AFCF371727DFDA2B004067AA /* HomeView.swift in Sources */ = {isa = PBXBuildFile; fileRef = AFCF371627DFDA2B004067AA /* HomeView.swift */; };
		AFCF371927DFDA7E004067AA /* CategoriesView.swift in Sources */ = {isa = PBXBuildFile; fileRef = AFCF371827DFDA7E004067AA /* CategoriesView.swift */; };
		AFCF371B27DFDAC8004067AA /* AddClothesView.swift in Sources */ = {isa = PBXBuildFile; fileRef = AFCF371A27DFDAC8004067AA /* AddClothesView.swift */; };
		AFCF371D27DFDAFA004067AA /* FavouritesView.swift in Sources */ = {isa = PBXBuildFile; fileRef = AFCF371C27DFDAFA004067AA /* FavouritesView.swift */; };
		AFCF372127DFDB3F004067AA /* SettingsView.swift in Sources */ = {isa = PBXBuildFile; fileRef = AFCF372027DFDB3F004067AA /* SettingsView.swift */; };
		AFCF372327DFDB8A004067AA /* TabBar.swift in Sources */ = {isa = PBXBuildFile; fileRef = AFCF372227DFDB8A004067AA /* TabBar.swift */; };
		AFCF375D27E230CA004067AA /* ClothingModel.swift in Sources */ = {isa = PBXBuildFile; fileRef = AFCF375C27E230CA004067AA /* ClothingModel.swift */; };
		AFCF375F27E238E2004067AA /* ClothingCard.swift in Sources */ = {isa = PBXBuildFile; fileRef = AFCF375E27E238E2004067AA /* ClothingCard.swift */; };
		AFEC295F27FCCDC500FAEF8F /* RegistrationViewModel.swift in Sources */ = {isa = PBXBuildFile; fileRef = AFEC295E27FCCDC500FAEF8F /* RegistrationViewModel.swift */; };
/* End PBXBuildFile section */

/* Begin PBXContainerItemProxy section */
		AF190AD527DD1DA600498779 /* PBXContainerItemProxy */ = {
			isa = PBXContainerItemProxy;
			containerPortal = AF190ABC27DD1DA000498779 /* Project object */;
			proxyType = 1;
			remoteGlobalIDString = AF190AC327DD1DA000498779;
			remoteInfo = disso;
		};
		AF190ADF27DD1DA600498779 /* PBXContainerItemProxy */ = {
			isa = PBXContainerItemProxy;
			containerPortal = AF190ABC27DD1DA000498779 /* Project object */;
			proxyType = 1;
			remoteGlobalIDString = AF190AC327DD1DA000498779;
			remoteInfo = disso;
		};
/* End PBXContainerItemProxy section */

/* Begin PBXFileReference section */
		3721CE70F958288B07A63A6E /* Pods_disso.framework */ = {isa = PBXFileReference; explicitFileType = wrapper.framework; includeInIndex = 0; path = Pods_disso.framework; sourceTree = BUILT_PRODUCTS_DIR; };
		6C543C28C00EA4B7DA679A42 /* Pods-disso.debug.xcconfig */ = {isa = PBXFileReference; includeInIndex = 1; lastKnownFileType = text.xcconfig; name = "Pods-disso.debug.xcconfig"; path = "Target Support Files/Pods-disso/Pods-disso.debug.xcconfig"; sourceTree = "<group>"; };
		8E0839FEEC8DA753EADD0585 /* Pods-disso.release.xcconfig */ = {isa = PBXFileReference; includeInIndex = 1; lastKnownFileType = text.xcconfig; name = "Pods-disso.release.xcconfig"; path = "Target Support Files/Pods-disso/Pods-disso.release.xcconfig"; sourceTree = "<group>"; };
		AF025A9D27E2415F00FB7123 /* ClothesList.swift */ = {isa = PBXFileReference; lastKnownFileType = sourcecode.swift; path = ClothesList.swift; sourceTree = "<group>"; };
		AF025A9F27E244B600FB7123 /* ClothesView.swift */ = {isa = PBXFileReference; lastKnownFileType = sourcecode.swift; path = ClothesView.swift; sourceTree = "<group>"; };
		AF14EF6127E26F5C00776376 /* NewClothesView.swift */ = {isa = PBXFileReference; lastKnownFileType = sourcecode.swift; path = NewClothesView.swift; sourceTree = "<group>"; };
		AF14EF6327E3AD2000776376 /* ClothesViewModel.swift */ = {isa = PBXFileReference; lastKnownFileType = sourcecode.swift; path = ClothesViewModel.swift; sourceTree = "<group>"; };
		AF190AC427DD1DA000498779 /* disso.app */ = {isa = PBXFileReference; explicitFileType = wrapper.application; includeInIndex = 0; path = disso.app; sourceTree = BUILT_PRODUCTS_DIR; };
		AF190ACB27DD1DA500498779 /* Assets.xcassets */ = {isa = PBXFileReference; lastKnownFileType = folder.assetcatalog; path = Assets.xcassets; sourceTree = "<group>"; };
		AF190ACE27DD1DA500498779 /* Preview Assets.xcassets */ = {isa = PBXFileReference; lastKnownFileType = folder.assetcatalog; path = "Preview Assets.xcassets"; sourceTree = "<group>"; };
		AF190AD427DD1DA600498779 /* dissoTests.xctest */ = {isa = PBXFileReference; explicitFileType = wrapper.cfbundle; includeInIndex = 0; path = dissoTests.xctest; sourceTree = BUILT_PRODUCTS_DIR; };
		AF190AD827DD1DA600498779 /* dissoTests.swift */ = {isa = PBXFileReference; lastKnownFileType = sourcecode.swift; path = dissoTests.swift; sourceTree = "<group>"; };
		AF190ADE27DD1DA600498779 /* dissoUITests.xctest */ = {isa = PBXFileReference; explicitFileType = wrapper.cfbundle; includeInIndex = 0; path = dissoUITests.xctest; sourceTree = BUILT_PRODUCTS_DIR; };
		AF190AE227DD1DA600498779 /* dissoUITests.swift */ = {isa = PBXFileReference; lastKnownFileType = sourcecode.swift; path = dissoUITests.swift; sourceTree = "<group>"; };
		AF190AE427DD1DA600498779 /* dissoUITestsLaunchTests.swift */ = {isa = PBXFileReference; lastKnownFileType = sourcecode.swift; path = dissoUITestsLaunchTests.swift; sourceTree = "<group>"; };
		AF190AF127DD29EF00498779 /* GoogleService-Info.plist */ = {isa = PBXFileReference; fileEncoding = 4; lastKnownFileType = text.plist.xml; path = "GoogleService-Info.plist"; sourceTree = "<group>"; };
		AF190AF427DFC8A600498779 /* Models */ = {isa = PBXFileReference; lastKnownFileType = folder; name = Models; path = /Users/NikaPakravan/Desktop/uni/disso/disso/dissoUITests/Models; sourceTree = "<absolute>"; };
		AFA2ADA027FA150E006B9D3F /* LoginView.swift */ = {isa = PBXFileReference; lastKnownFileType = sourcecode.swift; path = LoginView.swift; sourceTree = "<group>"; };
		AFA2ADA427FA17EA006B9D3F /* InputTextFieldView.swift */ = {isa = PBXFileReference; lastKnownFileType = sourcecode.swift; path = InputTextFieldView.swift; sourceTree = "<group>"; };
		AFA2ADA727FA1D40006B9D3F /* PreviewLayoutComponentModifier.swift */ = {isa = PBXFileReference; lastKnownFileType = sourcecode.swift; path = PreviewLayoutComponentModifier.swift; sourceTree = "<group>"; };
		AFA2ADA927FA1F28006B9D3F /* InputPasswordView.swift */ = {isa = PBXFileReference; lastKnownFileType = sourcecode.swift; path = InputPasswordView.swift; sourceTree = "<group>"; };
		AFA2ADAB27FB239F006B9D3F /* ButtonComponentView.swift */ = {isa = PBXFileReference; lastKnownFileType = sourcecode.swift; path = ButtonComponentView.swift; sourceTree = "<group>"; };
		AFA2ADAF27FB4C1F006B9D3F /* SignUpView.swift */ = {isa = PBXFileReference; lastKnownFileType = sourcecode.swift; path = SignUpView.swift; sourceTree = "<group>"; };
		AFA2ADB127FCAD83006B9D3F /* CloseModifier.swift */ = {isa = PBXFileReference; lastKnownFileType = sourcecode.swift; path = CloseModifier.swift; sourceTree = "<group>"; };
		AFA2ADB527FCB4AF006B9D3F /* ResetPasswordView.swift */ = {isa = PBXFileReference; lastKnownFileType = sourcecode.swift; path = ResetPasswordView.swift; sourceTree = "<group>"; };
		AFA2ADB827FCC21A006B9D3F /* AccountDetails.swift */ = {isa = PBXFileReference; lastKnownFileType = sourcecode.swift; path = AccountDetails.swift; sourceTree = "<group>"; };
		AFA2ADBB27FCC4AC006B9D3F /* RegistrationService.swift */ = {isa = PBXFileReference; lastKnownFileType = sourcecode.swift; path = RegistrationService.swift; sourceTree = "<group>"; };
		AFCF370D27DFD798004067AA /* dissoApp.swift */ = {isa = PBXFileReference; lastKnownFileType = sourcecode.swift; path = dissoApp.swift; sourceTree = "<group>"; };
		AFCF371427DFD90C004067AA /* ContentView.swift */ = {isa = PBXFileReference; lastKnownFileType = sourcecode.swift; path = ContentView.swift; sourceTree = "<group>"; };
		AFCF371627DFDA2B004067AA /* HomeView.swift */ = {isa = PBXFileReference; lastKnownFileType = sourcecode.swift; path = HomeView.swift; sourceTree = "<group>"; };
		AFCF371827DFDA7E004067AA /* CategoriesView.swift */ = {isa = PBXFileReference; lastKnownFileType = sourcecode.swift; path = CategoriesView.swift; sourceTree = "<group>"; };
		AFCF371A27DFDAC8004067AA /* AddClothesView.swift */ = {isa = PBXFileReference; lastKnownFileType = sourcecode.swift; path = AddClothesView.swift; sourceTree = "<group>"; };
		AFCF371C27DFDAFA004067AA /* FavouritesView.swift */ = {isa = PBXFileReference; lastKnownFileType = sourcecode.swift; path = FavouritesView.swift; sourceTree = "<group>"; };
		AFCF372027DFDB3F004067AA /* SettingsView.swift */ = {isa = PBXFileReference; lastKnownFileType = sourcecode.swift; path = SettingsView.swift; sourceTree = "<group>"; };
		AFCF372227DFDB8A004067AA /* TabBar.swift */ = {isa = PBXFileReference; lastKnownFileType = sourcecode.swift; path = TabBar.swift; sourceTree = "<group>"; };
		AFCF375C27E230CA004067AA /* ClothingModel.swift */ = {isa = PBXFileReference; lastKnownFileType = sourcecode.swift; path = ClothingModel.swift; sourceTree = "<group>"; };
		AFCF375E27E238E2004067AA /* ClothingCard.swift */ = {isa = PBXFileReference; lastKnownFileType = sourcecode.swift; path = ClothingCard.swift; sourceTree = "<group>"; };
		AFEC295E27FCCDC500FAEF8F /* RegistrationViewModel.swift */ = {isa = PBXFileReference; lastKnownFileType = sourcecode.swift; path = RegistrationViewModel.swift; sourceTree = "<group>"; };
/* End PBXFileReference section */

/* Begin PBXFrameworksBuildPhase section */
		AF190AC127DD1DA000498779 /* Frameworks */ = {
			isa = PBXFrameworksBuildPhase;
			buildActionMask = 2147483647;
			files = (
				A04D3E6665E8FAB905D414CB /* Pods_disso.framework in Frameworks */,
			);
			runOnlyForDeploymentPostprocessing = 0;
		};
		AF190AD127DD1DA600498779 /* Frameworks */ = {
			isa = PBXFrameworksBuildPhase;
			buildActionMask = 2147483647;
			files = (
			);
			runOnlyForDeploymentPostprocessing = 0;
		};
		AF190ADB27DD1DA600498779 /* Frameworks */ = {
			isa = PBXFrameworksBuildPhase;
			buildActionMask = 2147483647;
			files = (
			);
			runOnlyForDeploymentPostprocessing = 0;
		};
/* End PBXFrameworksBuildPhase section */

/* Begin PBXGroup section */
		9E9A4D50519DF2C037172AF3 /* Frameworks */ = {
			isa = PBXGroup;
			children = (
				3721CE70F958288B07A63A6E /* Pods_disso.framework */,
			);
			name = Frameworks;
			sourceTree = "<group>";
		};
		AF190ABB27DD1DA000498779 = {
			isa = PBXGroup;
			children = (
				AFCF375B27E2309F004067AA /* ViewModels */,
				AFCF375A27E23099004067AA /* Models */,
				AFCF371027DFD86D004067AA /* Views */,
				AF190AC627DD1DA000498779 /* disso */,
				AF190AD727DD1DA600498779 /* dissoTests */,
				AF190AE127DD1DA600498779 /* dissoUITests */,
				AF190AC527DD1DA000498779 /* Products */,
				C0B3F9942B8D8373963BC984 /* Pods */,
				9E9A4D50519DF2C037172AF3 /* Frameworks */,
			);
			sourceTree = "<group>";
		};
		AF190AC527DD1DA000498779 /* Products */ = {
			isa = PBXGroup;
			children = (
				AF190AC427DD1DA000498779 /* disso.app */,
				AF190AD427DD1DA600498779 /* dissoTests.xctest */,
				AF190ADE27DD1DA600498779 /* dissoUITests.xctest */,
			);
			name = Products;
			sourceTree = "<group>";
		};
		AF190AC627DD1DA000498779 /* disso */ = {
			isa = PBXGroup;
			children = (
				AFA2ADA227FA17AF006B9D3F /* Base */,
				AFA2AD9D27FA14C2006B9D3F /* Feature */,
				AFCF370D27DFD798004067AA /* dissoApp.swift */,
				AF190AF127DD29EF00498779 /* GoogleService-Info.plist */,
				AF190ACB27DD1DA500498779 /* Assets.xcassets */,
				AF190ACD27DD1DA500498779 /* Preview Content */,
			);
			path = disso;
			sourceTree = "<group>";
		};
		AF190ACD27DD1DA500498779 /* Preview Content */ = {
			isa = PBXGroup;
			children = (
				AF190ACE27DD1DA500498779 /* Preview Assets.xcassets */,
			);
			path = "Preview Content";
			sourceTree = "<group>";
		};
		AF190AD727DD1DA600498779 /* dissoTests */ = {
			isa = PBXGroup;
			children = (
				AF190AD827DD1DA600498779 /* dissoTests.swift */,
			);
			path = dissoTests;
			sourceTree = "<group>";
		};
		AF190AE127DD1DA600498779 /* dissoUITests */ = {
			isa = PBXGroup;
			children = (
				AF190AF427DFC8A600498779 /* Models */,
				AF190AE227DD1DA600498779 /* dissoUITests.swift */,
				AF190AE427DD1DA600498779 /* dissoUITestsLaunchTests.swift */,
			);
			path = dissoUITests;
			sourceTree = "<group>";
		};
		AFA2AD9D27FA14C2006B9D3F /* Feature */ = {
			isa = PBXGroup;
			children = (
				AFA2ADB327FCB479006B9D3F /* Forgot Password */,
				AFA2ADAD27FB4BDE006B9D3F /* Register */,
				AFA2AD9E27FA14E4006B9D3F /* Login */,
			);
			path = Feature;
			sourceTree = "<group>";
		};
		AFA2AD9E27FA14E4006B9D3F /* Login */ = {
			isa = PBXGroup;
			children = (
				AFA2AD9F27FA14EA006B9D3F /* View */,
			);
			path = Login;
			sourceTree = "<group>";
		};
		AFA2AD9F27FA14EA006B9D3F /* View */ = {
			isa = PBXGroup;
			children = (
				AFA2ADA027FA150E006B9D3F /* LoginView.swift */,
			);
			path = View;
			sourceTree = "<group>";
		};
		AFA2ADA227FA17AF006B9D3F /* Base */ = {
			isa = PBXGroup;
			children = (
				AFA2ADA627FA1D1F006B9D3F /* Modifier */,
				AFA2ADA327FA17BF006B9D3F /* Views */,
			);
			path = Base;
			sourceTree = "<group>";
		};
		AFA2ADA327FA17BF006B9D3F /* Views */ = {
			isa = PBXGroup;
			children = (
				AFA2ADA427FA17EA006B9D3F /* InputTextFieldView.swift */,
				AFA2ADA927FA1F28006B9D3F /* InputPasswordView.swift */,
				AFA2ADAB27FB239F006B9D3F /* ButtonComponentView.swift */,
			);
			path = Views;
			sourceTree = "<group>";
		};
		AFA2ADA627FA1D1F006B9D3F /* Modifier */ = {
			isa = PBXGroup;
			children = (
				AFA2ADA727FA1D40006B9D3F /* PreviewLayoutComponentModifier.swift */,
				AFA2ADB127FCAD83006B9D3F /* CloseModifier.swift */,
			);
			path = Modifier;
			sourceTree = "<group>";
		};
		AFA2ADAD27FB4BDE006B9D3F /* Register */ = {
			isa = PBXGroup;
			children = (
				AFEC295D27FCCDA900FAEF8F /* ViewModel */,
				AFA2ADBA27FCC496006B9D3F /* Service */,
				AFA2ADB727FCC1CD006B9D3F /* Model */,
				AFA2ADAE27FB4BFB006B9D3F /* View */,
			);
			path = Register;
			sourceTree = "<group>";
		};
		AFA2ADAE27FB4BFB006B9D3F /* View */ = {
			isa = PBXGroup;
			children = (
				AFA2ADAF27FB4C1F006B9D3F /* SignUpView.swift */,
			);
			path = View;
			sourceTree = "<group>";
		};
		AFA2ADB327FCB479006B9D3F /* Forgot Password */ = {
			isa = PBXGroup;
			children = (
				AFA2ADB427FCB487006B9D3F /* View */,
			);
			path = "Forgot Password";
			sourceTree = "<group>";
		};
		AFA2ADB427FCB487006B9D3F /* View */ = {
			isa = PBXGroup;
			children = (
				AFA2ADB527FCB4AF006B9D3F /* ResetPasswordView.swift */,
			);
			path = View;
			sourceTree = "<group>";
		};
		AFA2ADB727FCC1CD006B9D3F /* Model */ = {
			isa = PBXGroup;
			children = (
				AFA2ADB827FCC21A006B9D3F /* AccountDetails.swift */,
			);
			path = Model;
			sourceTree = "<group>";
		};
		AFA2ADBA27FCC496006B9D3F /* Service */ = {
			isa = PBXGroup;
			children = (
				AFA2ADBB27FCC4AC006B9D3F /* RegistrationService.swift */,
			);
			path = Service;
			sourceTree = "<group>";
		};
		AFCF371027DFD86D004067AA /* Views */ = {
			isa = PBXGroup;
			children = (
				AFCF371327DFD8ED004067AA /* Components */,
				AFCF371227DFD8E3004067AA /* Detail */,
				AFCF371127DFD8D0004067AA /* Main */,
			);
			path = Views;
			sourceTree = "<group>";
		};
		AFCF371127DFD8D0004067AA /* Main */ = {
			isa = PBXGroup;
			children = (
				AFCF371427DFD90C004067AA /* ContentView.swift */,
				AFCF372227DFDB8A004067AA /* TabBar.swift */,
				AFCF371627DFDA2B004067AA /* HomeView.swift */,
				AFCF371827DFDA7E004067AA /* CategoriesView.swift */,
				AFCF371A27DFDAC8004067AA /* AddClothesView.swift */,
				AFCF371C27DFDAFA004067AA /* FavouritesView.swift */,
				AFCF372027DFDB3F004067AA /* SettingsView.swift */,
			);
			path = Main;
			sourceTree = "<group>";
		};
		AFCF371227DFD8E3004067AA /* Detail */ = {
			isa = PBXGroup;
			children = (
				AF025A9F27E244B600FB7123 /* ClothesView.swift */,
				AF14EF6127E26F5C00776376 /* NewClothesView.swift */,
			);
			path = Detail;
			sourceTree = "<group>";
		};
		AFCF371327DFD8ED004067AA /* Components */ = {
			isa = PBXGroup;
			children = (
				AFCF375E27E238E2004067AA /* ClothingCard.swift */,
				AF025A9D27E2415F00FB7123 /* ClothesList.swift */,
			);
			path = Components;
			sourceTree = "<group>";
		};
		AFCF375A27E23099004067AA /* Models */ = {
			isa = PBXGroup;
			children = (
				AFCF375C27E230CA004067AA /* ClothingModel.swift */,
			);
			path = Models;
			sourceTree = "<group>";
		};
		AFCF375B27E2309F004067AA /* ViewModels */ = {
			isa = PBXGroup;
			children = (
				AF14EF6327E3AD2000776376 /* ClothesViewModel.swift */,
			);
			path = ViewModels;
			sourceTree = "<group>";
		};
		AFEC295D27FCCDA900FAEF8F /* ViewModel */ = {
			isa = PBXGroup;
			children = (
				AFEC295E27FCCDC500FAEF8F /* RegistrationViewModel.swift */,
			);
			path = ViewModel;
			sourceTree = "<group>";
		};
		C0B3F9942B8D8373963BC984 /* Pods */ = {
			isa = PBXGroup;
			children = (
				6C543C28C00EA4B7DA679A42 /* Pods-disso.debug.xcconfig */,
				8E0839FEEC8DA753EADD0585 /* Pods-disso.release.xcconfig */,
			);
			path = Pods;
			sourceTree = "<group>";
		};
/* End PBXGroup section */

/* Begin PBXNativeTarget section */
		AF190AC327DD1DA000498779 /* disso */ = {
			isa = PBXNativeTarget;
			buildConfigurationList = AF190AE827DD1DA600498779 /* Build configuration list for PBXNativeTarget "disso" */;
			buildPhases = (
				0D6FE1F63094CDC395835594 /* [CP] Check Pods Manifest.lock */,
				AF190AC027DD1DA000498779 /* Sources */,
				AF190AC127DD1DA000498779 /* Frameworks */,
				AF190AC227DD1DA000498779 /* Resources */,
				36FC8C2E6802207DA5EF78A1 /* [CP] Embed Pods Frameworks */,
			);
			buildRules = (
			);
			dependencies = (
			);
			name = disso;
			productName = disso;
			productReference = AF190AC427DD1DA000498779 /* disso.app */;
			productType = "com.apple.product-type.application";
		};
		AF190AD327DD1DA600498779 /* dissoTests */ = {
			isa = PBXNativeTarget;
			buildConfigurationList = AF190AEB27DD1DA600498779 /* Build configuration list for PBXNativeTarget "dissoTests" */;
			buildPhases = (
				AF190AD027DD1DA600498779 /* Sources */,
				AF190AD127DD1DA600498779 /* Frameworks */,
				AF190AD227DD1DA600498779 /* Resources */,
			);
			buildRules = (
			);
			dependencies = (
				AF190AD627DD1DA600498779 /* PBXTargetDependency */,
			);
			name = dissoTests;
			productName = dissoTests;
			productReference = AF190AD427DD1DA600498779 /* dissoTests.xctest */;
			productType = "com.apple.product-type.bundle.unit-test";
		};
		AF190ADD27DD1DA600498779 /* dissoUITests */ = {
			isa = PBXNativeTarget;
			buildConfigurationList = AF190AEE27DD1DA600498779 /* Build configuration list for PBXNativeTarget "dissoUITests" */;
			buildPhases = (
				AF190ADA27DD1DA600498779 /* Sources */,
				AF190ADB27DD1DA600498779 /* Frameworks */,
				AF190ADC27DD1DA600498779 /* Resources */,
			);
			buildRules = (
			);
			dependencies = (
				AF190AE027DD1DA600498779 /* PBXTargetDependency */,
			);
			name = dissoUITests;
			productName = dissoUITests;
			productReference = AF190ADE27DD1DA600498779 /* dissoUITests.xctest */;
			productType = "com.apple.product-type.bundle.ui-testing";
		};
/* End PBXNativeTarget section */

/* Begin PBXProject section */
		AF190ABC27DD1DA000498779 /* Project object */ = {
			isa = PBXProject;
			attributes = {
				BuildIndependentTargetsInParallel = 1;
				LastSwiftUpdateCheck = 1320;
				LastUpgradeCheck = 1320;
				TargetAttributes = {
					AF190AC327DD1DA000498779 = {
						CreatedOnToolsVersion = 13.2.1;
					};
					AF190AD327DD1DA600498779 = {
						CreatedOnToolsVersion = 13.2.1;
						TestTargetID = AF190AC327DD1DA000498779;
					};
					AF190ADD27DD1DA600498779 = {
						CreatedOnToolsVersion = 13.2.1;
						TestTargetID = AF190AC327DD1DA000498779;
					};
				};
			};
			buildConfigurationList = AF190ABF27DD1DA000498779 /* Build configuration list for PBXProject "disso" */;
			compatibilityVersion = "Xcode 13.0";
			developmentRegion = en;
			hasScannedForEncodings = 0;
			knownRegions = (
				en,
				Base,
			);
			mainGroup = AF190ABB27DD1DA000498779;
			productRefGroup = AF190AC527DD1DA000498779 /* Products */;
			projectDirPath = "";
			projectRoot = "";
			targets = (
				AF190AC327DD1DA000498779 /* disso */,
				AF190AD327DD1DA600498779 /* dissoTests */,
				AF190ADD27DD1DA600498779 /* dissoUITests */,
			);
		};
/* End PBXProject section */

/* Begin PBXResourcesBuildPhase section */
		AF190AC227DD1DA000498779 /* Resources */ = {
			isa = PBXResourcesBuildPhase;
			buildActionMask = 2147483647;
			files = (
				AF190ACF27DD1DA500498779 /* Preview Assets.xcassets in Resources */,
				AF190ACC27DD1DA500498779 /* Assets.xcassets in Resources */,
				AF190AF227DD29EF00498779 /* GoogleService-Info.plist in Resources */,
			);
			runOnlyForDeploymentPostprocessing = 0;
		};
		AF190AD227DD1DA600498779 /* Resources */ = {
			isa = PBXResourcesBuildPhase;
			buildActionMask = 2147483647;
			files = (
			);
			runOnlyForDeploymentPostprocessing = 0;
		};
		AF190ADC27DD1DA600498779 /* Resources */ = {
			isa = PBXResourcesBuildPhase;
			buildActionMask = 2147483647;
			files = (
			);
			runOnlyForDeploymentPostprocessing = 0;
		};
/* End PBXResourcesBuildPhase section */

/* Begin PBXShellScriptBuildPhase section */
		0D6FE1F63094CDC395835594 /* [CP] Check Pods Manifest.lock */ = {
			isa = PBXShellScriptBuildPhase;
			buildActionMask = 2147483647;
			files = (
			);
			inputFileListPaths = (
			);
			inputPaths = (
				"${PODS_PODFILE_DIR_PATH}/Podfile.lock",
				"${PODS_ROOT}/Manifest.lock",
			);
			name = "[CP] Check Pods Manifest.lock";
			outputFileListPaths = (
			);
			outputPaths = (
				"$(DERIVED_FILE_DIR)/Pods-disso-checkManifestLockResult.txt",
			);
			runOnlyForDeploymentPostprocessing = 0;
			shellPath = /bin/sh;
			shellScript = "diff \"${PODS_PODFILE_DIR_PATH}/Podfile.lock\" \"${PODS_ROOT}/Manifest.lock\" > /dev/null\nif [ $? != 0 ] ; then\n    # print error to STDERR\n    echo \"error: The sandbox is not in sync with the Podfile.lock. Run 'pod install' or update your CocoaPods installation.\" >&2\n    exit 1\nfi\n# This output is used by Xcode 'outputs' to avoid re-running this script phase.\necho \"SUCCESS\" > \"${SCRIPT_OUTPUT_FILE_0}\"\n";
			showEnvVarsInLog = 0;
		};
		36FC8C2E6802207DA5EF78A1 /* [CP] Embed Pods Frameworks */ = {
			isa = PBXShellScriptBuildPhase;
			buildActionMask = 2147483647;
			files = (
			);
			inputFileListPaths = (
				"${PODS_ROOT}/Target Support Files/Pods-disso/Pods-disso-frameworks-${CONFIGURATION}-input-files.xcfilelist",
			);
			name = "[CP] Embed Pods Frameworks";
			outputFileListPaths = (
				"${PODS_ROOT}/Target Support Files/Pods-disso/Pods-disso-frameworks-${CONFIGURATION}-output-files.xcfilelist",
			);
			runOnlyForDeploymentPostprocessing = 0;
			shellPath = /bin/sh;
			shellScript = "\"${PODS_ROOT}/Target Support Files/Pods-disso/Pods-disso-frameworks.sh\"\n";
			showEnvVarsInLog = 0;
		};
/* End PBXShellScriptBuildPhase section */

/* Begin PBXSourcesBuildPhase section */
		AF190AC027DD1DA000498779 /* Sources */ = {
			isa = PBXSourcesBuildPhase;
			buildActionMask = 2147483647;
			files = (
				AFCF372127DFDB3F004067AA /* SettingsView.swift in Sources */,
				AFA2ADB027FB4C1F006B9D3F /* SignUpView.swift in Sources */,
				AF14EF6427E3AD2000776376 /* ClothesViewModel.swift in Sources */,
				AFCF371927DFDA7E004067AA /* CategoriesView.swift in Sources */,
				AFA2ADA127FA150E006B9D3F /* LoginView.swift in Sources */,
				AFCF371727DFDA2B004067AA /* HomeView.swift in Sources */,
				AFCF375F27E238E2004067AA /* ClothingCard.swift in Sources */,
				AFA2ADB627FCB4AF006B9D3F /* ResetPasswordView.swift in Sources */,
				AFA2ADB927FCC21A006B9D3F /* AccountDetails.swift in Sources */,
				AFCF372327DFDB8A004067AA /* TabBar.swift in Sources */,
				AFA2ADB227FCAD83006B9D3F /* CloseModifier.swift in Sources */,
				AFA2ADA527FA17EA006B9D3F /* InputTextFieldView.swift in Sources */,
				AF14EF6227E26F5C00776376 /* NewClothesView.swift in Sources */,
				AFA2ADA827FA1D40006B9D3F /* PreviewLayoutComponentModifier.swift in Sources */,
				AF025AA027E244B600FB7123 /* ClothesView.swift in Sources */,
				AFA2ADAC27FB239F006B9D3F /* ButtonComponentView.swift in Sources */,
				AFA2ADBC27FCC4AC006B9D3F /* RegistrationService.swift in Sources */,
				AFCF371B27DFDAC8004067AA /* AddClothesView.swift in Sources */,
				AFCF375D27E230CA004067AA /* ClothingModel.swift in Sources */,
				AF025A9E27E2416000FB7123 /* ClothesList.swift in Sources */,
				AFEC295F27FCCDC500FAEF8F /* RegistrationViewModel.swift in Sources */,
				AFA2ADAA27FA1F28006B9D3F /* InputPasswordView.swift in Sources */,
				AFCF371527DFD90C004067AA /* ContentView.swift in Sources */,
				AFCF371D27DFDAFA004067AA /* FavouritesView.swift in Sources */,
				AFCF370E27DFD798004067AA /* dissoApp.swift in Sources */,
			);
			runOnlyForDeploymentPostprocessing = 0;
		};
		AF190AD027DD1DA600498779 /* Sources */ = {
			isa = PBXSourcesBuildPhase;
			buildActionMask = 2147483647;
			files = (
				AF190AD927DD1DA600498779 /* dissoTests.swift in Sources */,
			);
			runOnlyForDeploymentPostprocessing = 0;
		};
		AF190ADA27DD1DA600498779 /* Sources */ = {
			isa = PBXSourcesBuildPhase;
			buildActionMask = 2147483647;
			files = (
				AF190AE327DD1DA600498779 /* dissoUITests.swift in Sources */,
				AF190AE527DD1DA600498779 /* dissoUITestsLaunchTests.swift in Sources */,
			);
			runOnlyForDeploymentPostprocessing = 0;
		};
/* End PBXSourcesBuildPhase section */

/* Begin PBXTargetDependency section */
		AF190AD627DD1DA600498779 /* PBXTargetDependency */ = {
			isa = PBXTargetDependency;
			target = AF190AC327DD1DA000498779 /* disso */;
			targetProxy = AF190AD527DD1DA600498779 /* PBXContainerItemProxy */;
		};
		AF190AE027DD1DA600498779 /* PBXTargetDependency */ = {
			isa = PBXTargetDependency;
			target = AF190AC327DD1DA000498779 /* disso */;
			targetProxy = AF190ADF27DD1DA600498779 /* PBXContainerItemProxy */;
		};
/* End PBXTargetDependency section */

/* Begin XCBuildConfiguration section */
		AF190AE627DD1DA600498779 /* Debug */ = {
			isa = XCBuildConfiguration;
			buildSettings = {
				ALWAYS_SEARCH_USER_PATHS = NO;
				CLANG_ANALYZER_NONNULL = YES;
				CLANG_ANALYZER_NUMBER_OBJECT_CONVERSION = YES_AGGRESSIVE;
				CLANG_CXX_LANGUAGE_STANDARD = "gnu++17";
				CLANG_CXX_LIBRARY = "libc++";
				CLANG_ENABLE_MODULES = YES;
				CLANG_ENABLE_OBJC_ARC = YES;
				CLANG_ENABLE_OBJC_WEAK = YES;
				CLANG_WARN_BLOCK_CAPTURE_AUTORELEASING = YES;
				CLANG_WARN_BOOL_CONVERSION = YES;
				CLANG_WARN_COMMA = YES;
				CLANG_WARN_CONSTANT_CONVERSION = YES;
				CLANG_WARN_DEPRECATED_OBJC_IMPLEMENTATIONS = YES;
				CLANG_WARN_DIRECT_OBJC_ISA_USAGE = YES_ERROR;
				CLANG_WARN_DOCUMENTATION_COMMENTS = YES;
				CLANG_WARN_EMPTY_BODY = YES;
				CLANG_WARN_ENUM_CONVERSION = YES;
				CLANG_WARN_INFINITE_RECURSION = YES;
				CLANG_WARN_INT_CONVERSION = YES;
				CLANG_WARN_NON_LITERAL_NULL_CONVERSION = YES;
				CLANG_WARN_OBJC_IMPLICIT_RETAIN_SELF = YES;
				CLANG_WARN_OBJC_LITERAL_CONVERSION = YES;
				CLANG_WARN_OBJC_ROOT_CLASS = YES_ERROR;
				CLANG_WARN_QUOTED_INCLUDE_IN_FRAMEWORK_HEADER = YES;
				CLANG_WARN_RANGE_LOOP_ANALYSIS = YES;
				CLANG_WARN_STRICT_PROTOTYPES = YES;
				CLANG_WARN_SUSPICIOUS_MOVE = YES;
				CLANG_WARN_UNGUARDED_AVAILABILITY = YES_AGGRESSIVE;
				CLANG_WARN_UNREACHABLE_CODE = YES;
				CLANG_WARN__DUPLICATE_METHOD_MATCH = YES;
				COPY_PHASE_STRIP = NO;
				DEBUG_INFORMATION_FORMAT = dwarf;
				ENABLE_STRICT_OBJC_MSGSEND = YES;
				ENABLE_TESTABILITY = YES;
				GCC_C_LANGUAGE_STANDARD = gnu11;
				GCC_DYNAMIC_NO_PIC = NO;
				GCC_NO_COMMON_BLOCKS = YES;
				GCC_OPTIMIZATION_LEVEL = 0;
				GCC_PREPROCESSOR_DEFINITIONS = (
					"DEBUG=1",
					"$(inherited)",
				);
				GCC_WARN_64_TO_32_BIT_CONVERSION = YES;
				GCC_WARN_ABOUT_RETURN_TYPE = YES_ERROR;
				GCC_WARN_UNDECLARED_SELECTOR = YES;
				GCC_WARN_UNINITIALIZED_AUTOS = YES_AGGRESSIVE;
				GCC_WARN_UNUSED_FUNCTION = YES;
				GCC_WARN_UNUSED_VARIABLE = YES;
				IPHONEOS_DEPLOYMENT_TARGET = 15.2;
				MTL_ENABLE_DEBUG_INFO = INCLUDE_SOURCE;
				MTL_FAST_MATH = YES;
				ONLY_ACTIVE_ARCH = YES;
				SDKROOT = iphoneos;
				SWIFT_ACTIVE_COMPILATION_CONDITIONS = DEBUG;
				SWIFT_OPTIMIZATION_LEVEL = "-Onone";
			};
			name = Debug;
		};
		AF190AE727DD1DA600498779 /* Release */ = {
			isa = XCBuildConfiguration;
			buildSettings = {
				ALWAYS_SEARCH_USER_PATHS = NO;
				CLANG_ANALYZER_NONNULL = YES;
				CLANG_ANALYZER_NUMBER_OBJECT_CONVERSION = YES_AGGRESSIVE;
				CLANG_CXX_LANGUAGE_STANDARD = "gnu++17";
				CLANG_CXX_LIBRARY = "libc++";
				CLANG_ENABLE_MODULES = YES;
				CLANG_ENABLE_OBJC_ARC = YES;
				CLANG_ENABLE_OBJC_WEAK = YES;
				CLANG_WARN_BLOCK_CAPTURE_AUTORELEASING = YES;
				CLANG_WARN_BOOL_CONVERSION = YES;
				CLANG_WARN_COMMA = YES;
				CLANG_WARN_CONSTANT_CONVERSION = YES;
				CLANG_WARN_DEPRECATED_OBJC_IMPLEMENTATIONS = YES;
				CLANG_WARN_DIRECT_OBJC_ISA_USAGE = YES_ERROR;
				CLANG_WARN_DOCUMENTATION_COMMENTS = YES;
				CLANG_WARN_EMPTY_BODY = YES;
				CLANG_WARN_ENUM_CONVERSION = YES;
				CLANG_WARN_INFINITE_RECURSION = YES;
				CLANG_WARN_INT_CONVERSION = YES;
				CLANG_WARN_NON_LITERAL_NULL_CONVERSION = YES;
				CLANG_WARN_OBJC_IMPLICIT_RETAIN_SELF = YES;
				CLANG_WARN_OBJC_LITERAL_CONVERSION = YES;
				CLANG_WARN_OBJC_ROOT_CLASS = YES_ERROR;
				CLANG_WARN_QUOTED_INCLUDE_IN_FRAMEWORK_HEADER = YES;
				CLANG_WARN_RANGE_LOOP_ANALYSIS = YES;
				CLANG_WARN_STRICT_PROTOTYPES = YES;
				CLANG_WARN_SUSPICIOUS_MOVE = YES;
				CLANG_WARN_UNGUARDED_AVAILABILITY = YES_AGGRESSIVE;
				CLANG_WARN_UNREACHABLE_CODE = YES;
				CLANG_WARN__DUPLICATE_METHOD_MATCH = YES;
				COPY_PHASE_STRIP = NO;
				DEBUG_INFORMATION_FORMAT = "dwarf-with-dsym";
				ENABLE_NS_ASSERTIONS = NO;
				ENABLE_STRICT_OBJC_MSGSEND = YES;
				GCC_C_LANGUAGE_STANDARD = gnu11;
				GCC_NO_COMMON_BLOCKS = YES;
				GCC_WARN_64_TO_32_BIT_CONVERSION = YES;
				GCC_WARN_ABOUT_RETURN_TYPE = YES_ERROR;
				GCC_WARN_UNDECLARED_SELECTOR = YES;
				GCC_WARN_UNINITIALIZED_AUTOS = YES_AGGRESSIVE;
				GCC_WARN_UNUSED_FUNCTION = YES;
				GCC_WARN_UNUSED_VARIABLE = YES;
				IPHONEOS_DEPLOYMENT_TARGET = 15.2;
				MTL_ENABLE_DEBUG_INFO = NO;
				MTL_FAST_MATH = YES;
				SDKROOT = iphoneos;
				SWIFT_COMPILATION_MODE = wholemodule;
				SWIFT_OPTIMIZATION_LEVEL = "-O";
				VALIDATE_PRODUCT = YES;
			};
			name = Release;
		};
		AF190AE927DD1DA600498779 /* Debug */ = {
			isa = XCBuildConfiguration;
			baseConfigurationReference = 6C543C28C00EA4B7DA679A42 /* Pods-disso.debug.xcconfig */;
			buildSettings = {
				ASSETCATALOG_COMPILER_APPICON_NAME = AppIcon;
				ASSETCATALOG_COMPILER_GLOBAL_ACCENT_COLOR_NAME = AccentColor;
				CODE_SIGN_STYLE = Automatic;
				CURRENT_PROJECT_VERSION = 1;
				DEVELOPMENT_ASSET_PATHS = "\"disso/Preview Content\"";
				ENABLE_PREVIEWS = YES;
				GENERATE_INFOPLIST_FILE = YES;
				INFOPLIST_KEY_UIApplicationSceneManifest_Generation = YES;
				INFOPLIST_KEY_UIApplicationSupportsIndirectInputEvents = YES;
				INFOPLIST_KEY_UILaunchScreen_Generation = YES;
				INFOPLIST_KEY_UISupportedInterfaceOrientations_iPad = "UIInterfaceOrientationPortrait UIInterfaceOrientationPortraitUpsideDown UIInterfaceOrientationLandscapeLeft UIInterfaceOrientationLandscapeRight";
				INFOPLIST_KEY_UISupportedInterfaceOrientations_iPhone = "UIInterfaceOrientationPortrait UIInterfaceOrientationLandscapeLeft UIInterfaceOrientationLandscapeRight";
				LD_RUNPATH_SEARCH_PATHS = (
					"$(inherited)",
					"@executable_path/Frameworks",
				);
				MARKETING_VERSION = 1.0;
				PRODUCT_BUNDLE_IDENTIFIER = Nika.disso;
				PRODUCT_NAME = "$(TARGET_NAME)";
				SWIFT_EMIT_LOC_STRINGS = YES;
				SWIFT_VERSION = 5.0;
				TARGETED_DEVICE_FAMILY = "1,2";
			};
			name = Debug;
		};
		AF190AEA27DD1DA600498779 /* Release */ = {
			isa = XCBuildConfiguration;
			baseConfigurationReference = 8E0839FEEC8DA753EADD0585 /* Pods-disso.release.xcconfig */;
			buildSettings = {
				ASSETCATALOG_COMPILER_APPICON_NAME = AppIcon;
				ASSETCATALOG_COMPILER_GLOBAL_ACCENT_COLOR_NAME = AccentColor;
				CODE_SIGN_STYLE = Automatic;
				CURRENT_PROJECT_VERSION = 1;
				DEVELOPMENT_ASSET_PATHS = "\"disso/Preview Content\"";
				ENABLE_PREVIEWS = YES;
				GENERATE_INFOPLIST_FILE = YES;
				INFOPLIST_KEY_UIApplicationSceneManifest_Generation = YES;
				INFOPLIST_KEY_UIApplicationSupportsIndirectInputEvents = YES;
				INFOPLIST_KEY_UILaunchScreen_Generation = YES;
				INFOPLIST_KEY_UISupportedInterfaceOrientations_iPad = "UIInterfaceOrientationPortrait UIInterfaceOrientationPortraitUpsideDown UIInterfaceOrientationLandscapeLeft UIInterfaceOrientationLandscapeRight";
				INFOPLIST_KEY_UISupportedInterfaceOrientations_iPhone = "UIInterfaceOrientationPortrait UIInterfaceOrientationLandscapeLeft UIInterfaceOrientationLandscapeRight";
				LD_RUNPATH_SEARCH_PATHS = (
					"$(inherited)",
					"@executable_path/Frameworks",
				);
				MARKETING_VERSION = 1.0;
				PRODUCT_BUNDLE_IDENTIFIER = Nika.disso;
				PRODUCT_NAME = "$(TARGET_NAME)";
				SWIFT_EMIT_LOC_STRINGS = YES;
				SWIFT_VERSION = 5.0;
				TARGETED_DEVICE_FAMILY = "1,2";
			};
			name = Release;
		};
		AF190AEC27DD1DA600498779 /* Debug */ = {
			isa = XCBuildConfiguration;
			buildSettings = {
				ALWAYS_EMBED_SWIFT_STANDARD_LIBRARIES = YES;
				BUNDLE_LOADER = "$(TEST_HOST)";
				CODE_SIGN_STYLE = Automatic;
				CURRENT_PROJECT_VERSION = 1;
				GENERATE_INFOPLIST_FILE = YES;
				IPHONEOS_DEPLOYMENT_TARGET = 15.2;
				MARKETING_VERSION = 1.0;
				PRODUCT_BUNDLE_IDENTIFIER = Nika.dissoTests;
				PRODUCT_NAME = "$(TARGET_NAME)";
				SWIFT_EMIT_LOC_STRINGS = NO;
				SWIFT_VERSION = 5.0;
				TARGETED_DEVICE_FAMILY = "1,2";
				TEST_HOST = "$(BUILT_PRODUCTS_DIR)/disso.app/disso";
			};
			name = Debug;
		};
		AF190AED27DD1DA600498779 /* Release */ = {
			isa = XCBuildConfiguration;
			buildSettings = {
				ALWAYS_EMBED_SWIFT_STANDARD_LIBRARIES = YES;
				BUNDLE_LOADER = "$(TEST_HOST)";
				CODE_SIGN_STYLE = Automatic;
				CURRENT_PROJECT_VERSION = 1;
				GENERATE_INFOPLIST_FILE = YES;
				IPHONEOS_DEPLOYMENT_TARGET = 15.2;
				MARKETING_VERSION = 1.0;
				PRODUCT_BUNDLE_IDENTIFIER = Nika.dissoTests;
				PRODUCT_NAME = "$(TARGET_NAME)";
				SWIFT_EMIT_LOC_STRINGS = NO;
				SWIFT_VERSION = 5.0;
				TARGETED_DEVICE_FAMILY = "1,2";
				TEST_HOST = "$(BUILT_PRODUCTS_DIR)/disso.app/disso";
			};
			name = Release;
		};
		AF190AEF27DD1DA600498779 /* Debug */ = {
			isa = XCBuildConfiguration;
			buildSettings = {
				ALWAYS_EMBED_SWIFT_STANDARD_LIBRARIES = YES;
				CODE_SIGN_STYLE = Automatic;
				CURRENT_PROJECT_VERSION = 1;
				GENERATE_INFOPLIST_FILE = YES;
				MARKETING_VERSION = 1.0;
				PRODUCT_BUNDLE_IDENTIFIER = Nika.dissoUITests;
				PRODUCT_NAME = "$(TARGET_NAME)";
				SWIFT_EMIT_LOC_STRINGS = NO;
				SWIFT_VERSION = 5.0;
				TARGETED_DEVICE_FAMILY = "1,2";
				TEST_TARGET_NAME = disso;
			};
			name = Debug;
		};
		AF190AF027DD1DA600498779 /* Release */ = {
			isa = XCBuildConfiguration;
			buildSettings = {
				ALWAYS_EMBED_SWIFT_STANDARD_LIBRARIES = YES;
				CODE_SIGN_STYLE = Automatic;
				CURRENT_PROJECT_VERSION = 1;
				GENERATE_INFOPLIST_FILE = YES;
				MARKETING_VERSION = 1.0;
				PRODUCT_BUNDLE_IDENTIFIER = Nika.dissoUITests;
				PRODUCT_NAME = "$(TARGET_NAME)";
				SWIFT_EMIT_LOC_STRINGS = NO;
				SWIFT_VERSION = 5.0;
				TARGETED_DEVICE_FAMILY = "1,2";
				TEST_TARGET_NAME = disso;
			};
			name = Release;
		};
/* End XCBuildConfiguration section */

/* Begin XCConfigurationList section */
		AF190ABF27DD1DA000498779 /* Build configuration list for PBXProject "disso" */ = {
			isa = XCConfigurationList;
			buildConfigurations = (
				AF190AE627DD1DA600498779 /* Debug */,
				AF190AE727DD1DA600498779 /* Release */,
			);
			defaultConfigurationIsVisible = 0;
			defaultConfigurationName = Release;
		};
		AF190AE827DD1DA600498779 /* Build configuration list for PBXNativeTarget "disso" */ = {
			isa = XCConfigurationList;
			buildConfigurations = (
				AF190AE927DD1DA600498779 /* Debug */,
				AF190AEA27DD1DA600498779 /* Release */,
			);
			defaultConfigurationIsVisible = 0;
			defaultConfigurationName = Release;
		};
		AF190AEB27DD1DA600498779 /* Build configuration list for PBXNativeTarget "dissoTests" */ = {
			isa = XCConfigurationList;
			buildConfigurations = (
				AF190AEC27DD1DA600498779 /* Debug */,
				AF190AED27DD1DA600498779 /* Release */,
			);
			defaultConfigurationIsVisible = 0;
			defaultConfigurationName = Release;
		};
		AF190AEE27DD1DA600498779 /* Build configuration list for PBXNativeTarget "dissoUITests" */ = {
			isa = XCConfigurationList;
			buildConfigurations = (
				AF190AEF27DD1DA600498779 /* Debug */,
				AF190AF027DD1DA600498779 /* Release */,
			);
			defaultConfigurationIsVisible = 0;
			defaultConfigurationName = Release;
		};
/* End XCConfigurationList section */
	};
	rootObject = AF190ABC27DD1DA000498779 /* Project object */;
}
